// !$*UTF8*$!
{
	archiveVersion = 1;
	classes = {
	};
	objectVersion = 46;
	objects = {

/* Begin PBXBuildFile section */
		2840BDE4950218B8FAF870F0 /* Pods_CodeChallenge_MagicTheGathering.framework in Frameworks */ = {isa = PBXBuildFile; fileRef = 939457863D1EEBAF1F42CFCA /* Pods_CodeChallenge_MagicTheGathering.framework */; };
		A4050DD01E427ED50049A54B /* AppDelegate.swift in Sources */ = {isa = PBXBuildFile; fileRef = A4050DCF1E427ED50049A54B /* AppDelegate.swift */; };
		A4050DD21E427ED50049A54B /* HomeScreenViewController.swift in Sources */ = {isa = PBXBuildFile; fileRef = A4050DD11E427ED50049A54B /* HomeScreenViewController.swift */; };
		A4050DD81E427ED50049A54B /* CodeChallenge_MagicTheGathering.xcdatamodeld in Sources */ = {isa = PBXBuildFile; fileRef = A4050DD61E427ED50049A54B /* CodeChallenge_MagicTheGathering.xcdatamodeld */; };
		A4050DDA1E427ED50049A54B /* Assets.xcassets in Resources */ = {isa = PBXBuildFile; fileRef = A4050DD91E427ED50049A54B /* Assets.xcassets */; };
		A4050DDD1E427ED50049A54B /* LaunchScreen.storyboard in Resources */ = {isa = PBXBuildFile; fileRef = A4050DDB1E427ED50049A54B /* LaunchScreen.storyboard */; };
		A4050DE51E4290C40049A54B /* ViewAllMagicCardsCollectionViewController.swift in Sources */ = {isa = PBXBuildFile; fileRef = A4050DE41E4290C40049A54B /* ViewAllMagicCardsCollectionViewController.swift */; };
		A4050DE71E4293A30049A54B /* MagicAPIClient.swift in Sources */ = {isa = PBXBuildFile; fileRef = A4050DE61E4293A30049A54B /* MagicAPIClient.swift */; };
		A4161D7D1E477704007A5B1E /* MagicAPIDataParser.swift in Sources */ = {isa = PBXBuildFile; fileRef = A4161D7C1E477704007A5B1E /* MagicAPIDataParser.swift */; };
		A4161D7F1E47E520007A5B1E /* Main.storyboard in Resources */ = {isa = PBXBuildFile; fileRef = A4161D7E1E47E520007A5B1E /* Main.storyboard */; };
		A4161D811E47EA74007A5B1E /* Card.swift in Sources */ = {isa = PBXBuildFile; fileRef = A4161D801E47EA74007A5B1E /* Card.swift */; };
		A418ED041E48F6AF00E54291 /* CardCollectionViewCell.swift in Sources */ = {isa = PBXBuildFile; fileRef = A418ED031E48F6AF00E54291 /* CardCollectionViewCell.swift */; };
		A42D5B3B1E4A59C200464EAA /* CardDetailViewController.swift in Sources */ = {isa = PBXBuildFile; fileRef = A42D5B3A1E4A59C200464EAA /* CardDetailViewController.swift */; };
/* End PBXBuildFile section */

/* Begin PBXFileReference section */
		7B8894FD600CC37B5EFD6A41 /* Pods-CodeChallenge-MagicTheGathering.release.xcconfig */ = {isa = PBXFileReference; includeInIndex = 1; lastKnownFileType = text.xcconfig; name = "Pods-CodeChallenge-MagicTheGathering.release.xcconfig"; path = "Pods/Target Support Files/Pods-CodeChallenge-MagicTheGathering/Pods-CodeChallenge-MagicTheGathering.release.xcconfig"; sourceTree = "<group>"; };
		939457863D1EEBAF1F42CFCA /* Pods_CodeChallenge_MagicTheGathering.framework */ = {isa = PBXFileReference; explicitFileType = wrapper.framework; includeInIndex = 0; path = Pods_CodeChallenge_MagicTheGathering.framework; sourceTree = BUILT_PRODUCTS_DIR; };
		A4050DCC1E427ED50049A54B /* CodeChallenge-MagicTheGathering.app */ = {isa = PBXFileReference; explicitFileType = wrapper.application; includeInIndex = 0; path = "CodeChallenge-MagicTheGathering.app"; sourceTree = BUILT_PRODUCTS_DIR; };
		A4050DCF1E427ED50049A54B /* AppDelegate.swift */ = {isa = PBXFileReference; lastKnownFileType = sourcecode.swift; path = AppDelegate.swift; sourceTree = "<group>"; };
		A4050DD11E427ED50049A54B /* HomeScreenViewController.swift */ = {isa = PBXFileReference; lastKnownFileType = sourcecode.swift; path = HomeScreenViewController.swift; sourceTree = "<group>"; };
		A4050DD71E427ED50049A54B /* CodeChallenge_MagicTheGathering.xcdatamodel */ = {isa = PBXFileReference; lastKnownFileType = wrapper.xcdatamodel; path = CodeChallenge_MagicTheGathering.xcdatamodel; sourceTree = "<group>"; };
		A4050DD91E427ED50049A54B /* Assets.xcassets */ = {isa = PBXFileReference; lastKnownFileType = folder.assetcatalog; path = Assets.xcassets; sourceTree = "<group>"; };
		A4050DDC1E427ED50049A54B /* Base */ = {isa = PBXFileReference; lastKnownFileType = file.storyboard; name = Base; path = Base.lproj/LaunchScreen.storyboard; sourceTree = "<group>"; };
		A4050DDE1E427ED50049A54B /* Info.plist */ = {isa = PBXFileReference; lastKnownFileType = text.plist.xml; path = Info.plist; sourceTree = "<group>"; };
		A4050DE41E4290C40049A54B /* ViewAllMagicCardsCollectionViewController.swift */ = {isa = PBXFileReference; fileEncoding = 4; lastKnownFileType = sourcecode.swift; path = ViewAllMagicCardsCollectionViewController.swift; sourceTree = "<group>"; };
		A4050DE61E4293A30049A54B /* MagicAPIClient.swift */ = {isa = PBXFileReference; fileEncoding = 4; lastKnownFileType = sourcecode.swift; path = MagicAPIClient.swift; sourceTree = "<group>"; };
		A4161D7C1E477704007A5B1E /* MagicAPIDataParser.swift */ = {isa = PBXFileReference; fileEncoding = 4; lastKnownFileType = sourcecode.swift; path = MagicAPIDataParser.swift; sourceTree = "<group>"; };
		A4161D7E1E47E520007A5B1E /* Main.storyboard */ = {isa = PBXFileReference; fileEncoding = 4; lastKnownFileType = file.storyboard; name = Main.storyboard; path = ../../../.Trash/Main.storyboard; sourceTree = "<group>"; };
		A4161D801E47EA74007A5B1E /* Card.swift */ = {isa = PBXFileReference; fileEncoding = 4; lastKnownFileType = sourcecode.swift; path = Card.swift; sourceTree = "<group>"; };
		A418ED031E48F6AF00E54291 /* CardCollectionViewCell.swift */ = {isa = PBXFileReference; fileEncoding = 4; lastKnownFileType = sourcecode.swift; path = CardCollectionViewCell.swift; sourceTree = "<group>"; };
		A42D5B3A1E4A59C200464EAA /* CardDetailViewController.swift */ = {isa = PBXFileReference; fileEncoding = 4; lastKnownFileType = sourcecode.swift; path = CardDetailViewController.swift; sourceTree = "<group>"; };
		B590F9B0525A870B9088EBEA /* Pods-CodeChallenge-MagicTheGathering.debug.xcconfig */ = {isa = PBXFileReference; includeInIndex = 1; lastKnownFileType = text.xcconfig; name = "Pods-CodeChallenge-MagicTheGathering.debug.xcconfig"; path = "Pods/Target Support Files/Pods-CodeChallenge-MagicTheGathering/Pods-CodeChallenge-MagicTheGathering.debug.xcconfig"; sourceTree = "<group>"; };
/* End PBXFileReference section */

/* Begin PBXFrameworksBuildPhase section */
		A4050DC91E427ED20049A54B /* Frameworks */ = {
			isa = PBXFrameworksBuildPhase;
			buildActionMask = 2147483647;
			files = (
				2840BDE4950218B8FAF870F0 /* Pods_CodeChallenge_MagicTheGathering.framework in Frameworks */,
			);
			runOnlyForDeploymentPostprocessing = 0;
		};
/* End PBXFrameworksBuildPhase section */

/* Begin PBXGroup section */
		A4050DC31E427ED20049A54B = {
			isa = PBXGroup;
			children = (
				A4050DCE1E427ED50049A54B /* CodeChallenge-MagicTheGathering */,
				A4050DCD1E427ED50049A54B /* Products */,
				D8914EE3BA3B14F39C518CB3 /* Pods */,
				C82F0A0FA3ADDF688D15D1D8 /* Frameworks */,
			);
			sourceTree = "<group>";
		};
		A4050DCD1E427ED50049A54B /* Products */ = {
			isa = PBXGroup;
			children = (
				A4050DCC1E427ED50049A54B /* CodeChallenge-MagicTheGathering.app */,
			);
			name = Products;
			sourceTree = "<group>";
		};
		A4050DCE1E427ED50049A54B /* CodeChallenge-MagicTheGathering */ = {
			isa = PBXGroup;
			children = (
				A418ED051E48F7CB00E54291 /* Model */,
				A418ED061E48F7D100E54291 /* ViewModel */,
				A418ED071E48F7E100E54291 /* View */,
				A418ED081E48F81100E54291 /* Other */,
			);
			path = "CodeChallenge-MagicTheGathering";
			sourceTree = "<group>";
		};
		A418ED051E48F7CB00E54291 /* Model */ = {
			isa = PBXGroup;
			children = (
				A4050DCF1E427ED50049A54B /* AppDelegate.swift */,
				A4050DE61E4293A30049A54B /* MagicAPIClient.swift */,
				A4161D7C1E477704007A5B1E /* MagicAPIDataParser.swift */,
				A4161D801E47EA74007A5B1E /* Card.swift */,
			);
			name = Model;
			sourceTree = "<group>";
		};
		A418ED061E48F7D100E54291 /* ViewModel */ = {
			isa = PBXGroup;
			children = (
				A418ED031E48F6AF00E54291 /* CardCollectionViewCell.swift */,
				A4050DD11E427ED50049A54B /* HomeScreenViewController.swift */,
				A4050DE41E4290C40049A54B /* ViewAllMagicCardsCollectionViewController.swift */,
				A42D5B3A1E4A59C200464EAA /* CardDetailViewController.swift */,
			);
			name = ViewModel;
			sourceTree = "<group>";
		};
		A418ED071E48F7E100E54291 /* View */ = {
			isa = PBXGroup;
			children = (
				A4161D7E1E47E520007A5B1E /* Main.storyboard */,
			);
			name = View;
			sourceTree = "<group>";
		};
		A418ED081E48F81100E54291 /* Other */ = {
			isa = PBXGroup;
			children = (
				A4050DD91E427ED50049A54B /* Assets.xcassets */,
				A4050DDB1E427ED50049A54B /* LaunchScreen.storyboard */,
				A4050DDE1E427ED50049A54B /* Info.plist */,
				A4050DD61E427ED50049A54B /* CodeChallenge_MagicTheGathering.xcdatamodeld */,
			);
			name = Other;
			sourceTree = "<group>";
		};
		C82F0A0FA3ADDF688D15D1D8 /* Frameworks */ = {
			isa = PBXGroup;
			children = (
				939457863D1EEBAF1F42CFCA /* Pods_CodeChallenge_MagicTheGathering.framework */,
			);
			name = Frameworks;
			sourceTree = "<group>";
		};
		D8914EE3BA3B14F39C518CB3 /* Pods */ = {
			isa = PBXGroup;
			children = (
				B590F9B0525A870B9088EBEA /* Pods-CodeChallenge-MagicTheGathering.debug.xcconfig */,
				7B8894FD600CC37B5EFD6A41 /* Pods-CodeChallenge-MagicTheGathering.release.xcconfig */,
			);
			name = Pods;
			sourceTree = "<group>";
		};
/* End PBXGroup section */

/* Begin PBXNativeTarget section */
		A4050DCB1E427ED20049A54B /* CodeChallenge-MagicTheGathering */ = {
			isa = PBXNativeTarget;
			buildConfigurationList = A4050DE11E427ED50049A54B /* Build configuration list for PBXNativeTarget "CodeChallenge-MagicTheGathering" */;
			buildPhases = (
				8283291E392CD66DCCBF523A /* [CP] Check Pods Manifest.lock */,
				A4050DC81E427ED20049A54B /* Sources */,
				A4050DC91E427ED20049A54B /* Frameworks */,
				A4050DCA1E427ED20049A54B /* Resources */,
				0FBB0A07F29A1818861E624B /* [CP] Embed Pods Frameworks */,
				BEC104C052389263CFA54517 /* [CP] Copy Pods Resources */,
			);
			buildRules = (
			);
			dependencies = (
			);
			name = "CodeChallenge-MagicTheGathering";
			productName = "CodeChallenge-MagicTheGathering";
			productReference = A4050DCC1E427ED50049A54B /* CodeChallenge-MagicTheGathering.app */;
			productType = "com.apple.product-type.application";
		};
/* End PBXNativeTarget section */

/* Begin PBXProject section */
		A4050DC41E427ED20049A54B /* Project object */ = {
			isa = PBXProject;
			attributes = {
				LastSwiftUpdateCheck = 0820;
				LastUpgradeCheck = 0820;
				ORGANIZATIONNAME = "Betty Fung";
				TargetAttributes = {
					A4050DCB1E427ED20049A54B = {
						CreatedOnToolsVersion = 8.2.1;
						ProvisioningStyle = Automatic;
					};
				};
			};
			buildConfigurationList = A4050DC71E427ED20049A54B /* Build configuration list for PBXProject "CodeChallenge-MagicTheGathering" */;
			compatibilityVersion = "Xcode 3.2";
			developmentRegion = English;
			hasScannedForEncodings = 0;
			knownRegions = (
				en,
				Base,
			);
			mainGroup = A4050DC31E427ED20049A54B;
			productRefGroup = A4050DCD1E427ED50049A54B /* Products */;
			projectDirPath = "";
			projectRoot = "";
			targets = (
				A4050DCB1E427ED20049A54B /* CodeChallenge-MagicTheGathering */,
			);
		};
/* End PBXProject section */

/* Begin PBXResourcesBuildPhase section */
		A4050DCA1E427ED20049A54B /* Resources */ = {
			isa = PBXResourcesBuildPhase;
			buildActionMask = 2147483647;
			files = (
				A4161D7F1E47E520007A5B1E /* Main.storyboard in Resources */,
				A4050DDD1E427ED50049A54B /* LaunchScreen.storyboard in Resources */,
				A4050DDA1E427ED50049A54B /* Assets.xcassets in Resources */,
			);
			runOnlyForDeploymentPostprocessing = 0;
		};
/* End PBXResourcesBuildPhase section */

/* Begin PBXShellScriptBuildPhase section */
		0FBB0A07F29A1818861E624B /* [CP] Embed Pods Frameworks */ = {
			isa = PBXShellScriptBuildPhase;
			buildActionMask = 2147483647;
			files = (
			);
			inputPaths = (
			);
			name = "[CP] Embed Pods Frameworks";
			outputPaths = (
			);
			runOnlyForDeploymentPostprocessing = 0;
			shellPath = /bin/sh;
			shellScript = "\"${SRCROOT}/Pods/Target Support Files/Pods-CodeChallenge-MagicTheGathering/Pods-CodeChallenge-MagicTheGathering-frameworks.sh\"\n";
			showEnvVarsInLog = 0;
		};
		8283291E392CD66DCCBF523A /* [CP] Check Pods Manifest.lock */ = {
			isa = PBXShellScriptBuildPhase;
			buildActionMask = 2147483647;
			files = (
			);
			inputPaths = (
			);
			name = "[CP] Check Pods Manifest.lock";
			outputPaths = (
			);
			runOnlyForDeploymentPostprocessing = 0;
			shellPath = /bin/sh;
			shellScript = "diff \"${PODS_ROOT}/../Podfile.lock\" \"${PODS_ROOT}/Manifest.lock\" > /dev/null\nif [ $? != 0 ] ; then\n    # print error to STDERR\n    echo \"error: The sandbox is not in sync with the Podfile.lock. Run 'pod install' or update your CocoaPods installation.\" >&2\n    exit 1\nfi\n";
			showEnvVarsInLog = 0;
		};
		BEC104C052389263CFA54517 /* [CP] Copy Pods Resources */ = {
			isa = PBXShellScriptBuildPhase;
			buildActionMask = 2147483647;
			files = (
			);
			inputPaths = (
			);
			name = "[CP] Copy Pods Resources";
			outputPaths = (
			);
			runOnlyForDeploymentPostprocessing = 0;
			shellPath = /bin/sh;
			shellScript = "\"${SRCROOT}/Pods/Target Support Files/Pods-CodeChallenge-MagicTheGathering/Pods-CodeChallenge-MagicTheGathering-resources.sh\"\n";
			showEnvVarsInLog = 0;
		};
/* End PBXShellScriptBuildPhase section */

/* Begin PBXSourcesBuildPhase section */
		A4050DC81E427ED20049A54B /* Sources */ = {
			isa = PBXSourcesBuildPhase;
			buildActionMask = 2147483647;
			files = (
				A418ED041E48F6AF00E54291 /* CardCollectionViewCell.swift in Sources */,
				A4050DE71E4293A30049A54B /* MagicAPIClient.swift in Sources */,
				A4050DE51E4290C40049A54B /* ViewAllMagicCardsCollectionViewController.swift in Sources */,
				A4050DD21E427ED50049A54B /* HomeScreenViewController.swift in Sources */,
				A42D5B3B1E4A59C200464EAA /* CardDetailViewController.swift in Sources */,
				A4050DD01E427ED50049A54B /* AppDelegate.swift in Sources */,
				A4050DD81E427ED50049A54B /* CodeChallenge_MagicTheGathering.xcdatamodeld in Sources */,
				A4161D7D1E477704007A5B1E /* MagicAPIDataParser.swift in Sources */,
				A4161D811E47EA74007A5B1E /* Card.swift in Sources */,
			);
			runOnlyForDeploymentPostprocessing = 0;
		};
/* End PBXSourcesBuildPhase section */

/* Begin PBXVariantGroup section */
		A4050DDB1E427ED50049A54B /* LaunchScreen.storyboard */ = {
			isa = PBXVariantGroup;
			children = (
				A4050DDC1E427ED50049A54B /* Base */,
			);
			name = LaunchScreen.storyboard;
			sourceTree = "<group>";
		};
/* End PBXVariantGroup section */

/* Begin XCBuildConfiguration section */
		A4050DDF1E427ED50049A54B /* Debug */ = {
			isa = XCBuildConfiguration;
			buildSettings = {
				ALWAYS_SEARCH_USER_PATHS = NO;
				CLANG_ANALYZER_NONNULL = YES;
				CLANG_CXX_LANGUAGE_STANDARD = "gnu++0x";
				CLANG_CXX_LIBRARY = "libc++";
				CLANG_ENABLE_MODULES = YES;
				CLANG_ENABLE_OBJC_ARC = YES;
				CLANG_WARN_BOOL_CONVERSION = YES;
				CLANG_WARN_CONSTANT_CONVERSION = YES;
				CLANG_WARN_DIRECT_OBJC_ISA_USAGE = YES_ERROR;
				CLANG_WARN_DOCUMENTATION_COMMENTS = YES;
				CLANG_WARN_EMPTY_BODY = YES;
				CLANG_WARN_ENUM_CONVERSION = YES;
				CLANG_WARN_INFINITE_RECURSION = YES;
				CLANG_WARN_INT_CONVERSION = YES;
				CLANG_WARN_OBJC_ROOT_CLASS = YES_ERROR;
				CLANG_WARN_SUSPICIOUS_MOVE = YES;
				CLANG_WARN_UNREACHABLE_CODE = YES;
				CLANG_WARN__DUPLICATE_METHOD_MATCH = YES;
				"CODE_SIGN_IDENTITY[sdk=iphoneos*]" = "iPhone Developer";
				COPY_PHASE_STRIP = NO;
				DEBUG_INFORMATION_FORMAT = dwarf;
				ENABLE_STRICT_OBJC_MSGSEND = YES;
				ENABLE_TESTABILITY = YES;
				GCC_C_LANGUAGE_STANDARD = gnu99;
				GCC_DYNAMIC_NO_PIC = NO;
				GCC_NO_COMMON_BLOCKS = YES;
				GCC_OPTIMIZATION_LEVEL = 0;
				GCC_PREPROCESSOR_DEFINITIONS = (
					"DEBUG=1",
					"$(inherited)",
				);
				GCC_WARN_64_TO_32_BIT_CONVERSION = YES;
				GCC_WARN_ABOUT_RETURN_TYPE = YES_ERROR;
				GCC_WARN_UNDECLARED_SELECTOR = YES;
				GCC_WARN_UNINITIALIZED_AUTOS = YES_AGGRESSIVE;
				GCC_WARN_UNUSED_FUNCTION = YES;
				GCC_WARN_UNUSED_VARIABLE = YES;
				IPHONEOS_DEPLOYMENT_TARGET = 10.2;
				MTL_ENABLE_DEBUG_INFO = YES;
				ONLY_ACTIVE_ARCH = YES;
				SDKROOT = iphoneos;
				SWIFT_ACTIVE_COMPILATION_CONDITIONS = DEBUG;
				SWIFT_OPTIMIZATION_LEVEL = "-Onone";
			};
			name = Debug;
		};
		A4050DE01E427ED50049A54B /* Release */ = {
			isa = XCBuildConfiguration;
			buildSettings = {
				ALWAYS_SEARCH_USER_PATHS = NO;
				CLANG_ANALYZER_NONNULL = YES;
				CLANG_CXX_LANGUAGE_STANDARD = "gnu++0x";
				CLANG_CXX_LIBRARY = "libc++";
				CLANG_ENABLE_MODULES = YES;
				CLANG_ENABLE_OBJC_ARC = YES;
				CLANG_WARN_BOOL_CONVERSION = YES;
				CLANG_WARN_CONSTANT_CONVERSION = YES;
				CLANG_WARN_DIRECT_OBJC_ISA_USAGE = YES_ERROR;
				CLANG_WARN_DOCUMENTATION_COMMENTS = YES;
				CLANG_WARN_EMPTY_BODY = YES;
				CLANG_WARN_ENUM_CONVERSION = YES;
				CLANG_WARN_INFINITE_RECURSION = YES;
				CLANG_WARN_INT_CONVERSION = YES;
				CLANG_WARN_OBJC_ROOT_CLASS = YES_ERROR;
				CLANG_WARN_SUSPICIOUS_MOVE = YES;
				CLANG_WARN_UNREACHABLE_CODE = YES;
				CLANG_WARN__DUPLICATE_METHOD_MATCH = YES;
				"CODE_SIGN_IDENTITY[sdk=iphoneos*]" = "iPhone Developer";
				COPY_PHASE_STRIP = NO;
				DEBUG_INFORMATION_FORMAT = "dwarf-with-dsym";
				ENABLE_NS_ASSERTIONS = NO;
				ENABLE_STRICT_OBJC_MSGSEND = YES;
				GCC_C_LANGUAGE_STANDARD = gnu99;
				GCC_NO_COMMON_BLOCKS = YES;
				GCC_WARN_64_TO_32_BIT_CONVERSION = YES;
				GCC_WARN_ABOUT_RETURN_TYPE = YES_ERROR;
				GCC_WARN_UNDECLARED_SELECTOR = YES;
				GCC_WARN_UNINITIALIZED_AUTOS = YES_AGGRESSIVE;
				GCC_WARN_UNUSED_FUNCTION = YES;
				GCC_WARN_UNUSED_VARIABLE = YES;
				IPHONEOS_DEPLOYMENT_TARGET = 10.2;
				MTL_ENABLE_DEBUG_INFO = NO;
				SDKROOT = iphoneos;
				SWIFT_OPTIMIZATION_LEVEL = "-Owholemodule";
				VALIDATE_PRODUCT = YES;
			};
			name = Release;
		};
		A4050DE21E427ED50049A54B /* Debug */ = {
			isa = XCBuildConfiguration;
			baseConfigurationReference = B590F9B0525A870B9088EBEA /* Pods-CodeChallenge-MagicTheGathering.debug.xcconfig */;
			buildSettings = {
				ASSETCATALOG_COMPILER_APPICON_NAME = AppIcon;
				INFOPLIST_FILE = "CodeChallenge-MagicTheGathering/Info.plist";
				LD_RUNPATH_SEARCH_PATHS = "$(inherited) @executable_path/Frameworks";
				PRODUCT_BUNDLE_IDENTIFIER = "bettyfung.CodeChallenge-MagicTheGathering";
				PRODUCT_NAME = "$(TARGET_NAME)";
				SWIFT_VERSION = 3.0;
			};
			name = Debug;
		};
		A4050DE31E427ED50049A54B /* Release */ = {
			isa = XCBuildConfiguration;
			baseConfigurationReference = 7B8894FD600CC37B5EFD6A41 /* Pods-CodeChallenge-MagicTheGathering.release.xcconfig */;
			buildSettings = {
				ASSETCATALOG_COMPILER_APPICON_NAME = AppIcon;
				INFOPLIST_FILE = "CodeChallenge-MagicTheGathering/Info.plist";
				LD_RUNPATH_SEARCH_PATHS = "$(inherited) @executable_path/Frameworks";
				PRODUCT_BUNDLE_IDENTIFIER = "bettyfung.CodeChallenge-MagicTheGathering";
				PRODUCT_NAME = "$(TARGET_NAME)";
				SWIFT_VERSION = 3.0;
			};
			name = Release;
		};
/* End XCBuildConfiguration section */

/* Begin XCConfigurationList section */
		A4050DC71E427ED20049A54B /* Build configuration list for PBXProject "CodeChallenge-MagicTheGathering" */ = {
			isa = XCConfigurationList;
			buildConfigurations = (
				A4050DDF1E427ED50049A54B /* Debug */,
				A4050DE01E427ED50049A54B /* Release */,
			);
			defaultConfigurationIsVisible = 0;
			defaultConfigurationName = Release;
		};
		A4050DE11E427ED50049A54B /* Build configuration list for PBXNativeTarget "CodeChallenge-MagicTheGathering" */ = {
			isa = XCConfigurationList;
			buildConfigurations = (
				A4050DE21E427ED50049A54B /* Debug */,
				A4050DE31E427ED50049A54B /* Release */,
			);
			defaultConfigurationIsVisible = 0;
			defaultConfigurationName = Release;
		};
/* End XCConfigurationList section */

/* Begin XCVersionGroup section */
		A4050DD61E427ED50049A54B /* CodeChallenge_MagicTheGathering.xcdatamodeld */ = {
			isa = XCVersionGroup;
			children = (
				A4050DD71E427ED50049A54B /* CodeChallenge_MagicTheGathering.xcdatamodel */,
			);
			currentVersion = A4050DD71E427ED50049A54B /* CodeChallenge_MagicTheGathering.xcdatamodel */;
			path = CodeChallenge_MagicTheGathering.xcdatamodeld;
			sourceTree = "<group>";
			versionGroupType = wrapper.xcdatamodel;
		};
/* End XCVersionGroup section */
	};
	rootObject = A4050DC41E427ED20049A54B /* Project object */;
}
